
Microsoft Visual Studio Solution File, Format Version 12.00
# Visual Studio 15
VisualStudioVersion = 15.0.27703.2026
MinimumVisualStudioVersion = 10.0.40219.1
Project("{FAE04EC0-301F-11D3-BF4B-00C04F79EFBC}") = "MiAplicacion.Android", "MiAplicacion\MiAplicacion.Android\MiAplicacion.Android.csproj", "{5617DB5C-1831-4AA6-B4B1-12EC402A26C3}"
EndProject
Project("{FAE04EC0-301F-11D3-BF4B-00C04F79EFBC}") = "MiAplicacion.iOS", "MiAplicacion\MiAplicacion.iOS\MiAplicacion.iOS.csproj", "{6C06BCF6-2BA0-493B-85FE-80DEC299AE9E}"
EndProject
Project("{D954291E-2A0B-460D-934E-DC6B0785DB48}") = "MiAplicacion", "MiAplicacion\MiAplicacion\MiAplicacion.shproj", "{F5273C9F-FFF6-44FE-AB36-2C1961AB7CFD}"
EndProject
Global
	GlobalSection(SharedMSBuildProjectFiles) = preSolution
		MiAplicacion\MiAplicacion\MiAplicacion.projitems*{5617db5c-1831-4aa6-b4b1-12ec402a26c3}*SharedItemsImports = 4
		MiAplicacion\MiAplicacion\MiAplicacion.projitems*{6c06bcf6-2ba0-493b-85fe-80dec299ae9e}*SharedItemsImports = 4
		MiAplicacion\MiAplicacion\MiAplicacion.projitems*{f5273c9f-fff6-44fe-ab36-2c1961ab7cfd}*SharedItemsImports = 13
	EndGlobalSection
	GlobalSection(SolutionConfigurationPlatforms) = preSolution
		Ad-Hoc|Any CPU = Ad-Hoc|Any CPU
		Ad-Hoc|iPhone = Ad-Hoc|iPhone
		Ad-Hoc|iPhoneSimulator = Ad-Hoc|iPhoneSimulator
		AppStore|Any CPU = AppStore|Any CPU
		AppStore|iPhone = AppStore|iPhone
		AppStore|iPhoneSimulator = AppStore|iPhoneSimulator
		Debug|Any CPU = Debug|Any CPU
		Debug|iPhone = Debug|iPhone
		Debug|iPhoneSimulator = Debug|iPhoneSimulator
		Release|Any CPU = Release|Any CPU
		Release|iPhone = Release|iPhone
		Release|iPhoneSimulator = Release|iPhoneSimulator
	EndGlobalSection
	GlobalSection(ProjectConfigurationPlatforms) = postSolution
		{5617DB5C-1831-4AA6-B4B1-12EC402A26C3}.Ad-Hoc|Any CPU.ActiveCfg = Release|Any CPU
		{5617DB5C-1831-4AA6-B4B1-12EC402A26C3}.Ad-Hoc|Any CPU.Build.0 = Release|Any CPU
		{5617DB5C-1831-4AA6-B4B1-12EC402A26C3}.Ad-Hoc|Any CPU.Deploy.0 = Release|Any CPU
		{5617DB5C-1831-4AA6-B4B1-12EC402A26C3}.Ad-Hoc|iPhone.ActiveCfg = Release|Any CPU
		{5617DB5C-1831-4AA6-B4B1-12EC402A26C3}.Ad-Hoc|iPhone.Build.0 = Release|Any CPU
		{5617DB5C-1831-4AA6-B4B1-12EC402A26C3}.Ad-Hoc|iPhone.Deploy.0 = Release|Any CPU
		{5617DB5C-1831-4AA6-B4B1-12EC402A26C3}.Ad-Hoc|iPhoneSimulator.ActiveCfg = Release|Any CPU
		{5617DB5C-1831-4AA6-B4B1-12EC402A26C3}.Ad-Hoc|iPhoneSimulator.Build.0 = Release|Any CPU
		{5617DB5C-1831-4AA6-B4B1-12EC402A26C3}.Ad-Hoc|iPhoneSimulator.Deploy.0 = Release|Any CPU
		{5617DB5C-1831-4AA6-B4B1-12EC402A26C3}.AppStore|Any CPU.ActiveCfg = Release|Any CPU
		{5617DB5C-1831-4AA6-B4B1-12EC402A26C3}.AppStore|Any CPU.Build.0 = Release|Any CPU
		{5617DB5C-1831-4AA6-B4B1-12EC402A26C3}.AppStore|Any CPU.Deploy.0 = Release|Any CPU
		{5617DB5C-1831-4AA6-B4B1-12EC402A26C3}.AppStore|iPhone.ActiveCfg = Release|Any CPU
		{5617DB5C-1831-4AA6-B4B1-12EC402A26C3}.AppStore|iPhone.Build.0 = Release|Any CPU
		{5617DB5C-1831-4AA6-B4B1-12EC402A26C3}.AppStore|iPhone.Deploy.0 = Release|Any CPU
		{5617DB5C-1831-4AA6-B4B1-12EC402A26C3}.AppStore|iPhoneSimulator.ActiveCfg = Release|Any CPU
		{5617DB5C-1831-4AA6-B4B1-12EC402A26C3}.AppStore|iPhoneSimulator.Build.0 = Release|Any CPU
		{5617DB5C-1831-4AA6-B4B1-12EC402A26C3}.AppStore|iPhoneSimulator.Deploy.0 = Release|Any CPU
		{5617DB5C-1831-4AA6-B4B1-12EC402A26C3}.Debug|Any CPU.ActiveCfg = Debug|Any CPU
		{5617DB5C-1831-4AA6-B4B1-12EC402A26C3}.Debug|Any CPU.Build.0 = Debug|Any CPU
		{5617DB5C-1831-4AA6-B4B1-12EC402A26C3}.Debug|Any CPU.Deploy.0 = Debug|Any CPU
		{5617DB5C-1831-4AA6-B4B1-12EC402A26C3}.Debug|iPhone.ActiveCfg = Debug|Any CPU
		{5617DB5C-1831-4AA6-B4B1-12EC402A26C3}.Debug|iPhone.Build.0 = Debug|Any CPU
		{5617DB5C-1831-4AA6-B4B1-12EC402A26C3}.Debug|iPhone.Deploy.0 = Debug|Any CPU
		{5617DB5C-1831-4AA6-B4B1-12EC402A26C3}.Debug|iPhoneSimulator.ActiveCfg = Debug|Any CPU
		{5617DB5C-1831-4AA6-B4B1-12EC402A26C3}.Debug|iPhoneSimulator.Build.0 = Debug|Any CPU
		{5617DB5C-1831-4AA6-B4B1-12EC402A26C3}.Debug|iPhoneSimulator.Deploy.0 = Debug|Any CPU
		{5617DB5C-1831-4AA6-B4B1-12EC402A26C3}.Release|Any CPU.ActiveCfg = Release|Any CPU
		{5617DB5C-1831-4AA6-B4B1-12EC402A26C3}.Release|Any CPU.Build.0 = Release|Any CPU
		{5617DB5C-1831-4AA6-B4B1-12EC402A26C3}.Release|Any CPU.Deploy.0 = Release|Any CPU
		{5617DB5C-1831-4AA6-B4B1-12EC402A26C3}.Release|iPhone.ActiveCfg = Release|Any CPU
		{5617DB5C-1831-4AA6-B4B1-12EC402A26C3}.Release|iPhone.Build.0 = Release|Any CPU
		{5617DB5C-1831-4AA6-B4B1-12EC402A26C3}.Release|iPhone.Deploy.0 = Release|Any CPU
		{5617DB5C-1831-4AA6-B4B1-12EC402A26C3}.Release|iPhoneSimulator.ActiveCfg = Release|Any CPU
		{5617DB5C-1831-4AA6-B4B1-12EC402A26C3}.Release|iPhoneSimulator.Build.0 = Release|Any CPU
		{5617DB5C-1831-4AA6-B4B1-12EC402A26C3}.Release|iPhoneSimulator.Deploy.0 = Release|Any CPU
		{6C06BCF6-2BA0-493B-85FE-80DEC299AE9E}.Ad-Hoc|Any CPU.ActiveCfg = Ad-Hoc|iPhone
		{6C06BCF6-2BA0-493B-85FE-80DEC299AE9E}.Ad-Hoc|Any CPU.Build.0 = Ad-Hoc|iPhone
		{6C06BCF6-2BA0-493B-85FE-80DEC299AE9E}.Ad-Hoc|Any CPU.Deploy.0 = Ad-Hoc|iPhone
		{6C06BCF6-2BA0-493B-85FE-80DEC299AE9E}.Ad-Hoc|iPhone.ActiveCfg = Ad-Hoc|iPhone
		{6C06BCF6-2BA0-493B-85FE-80DEC299AE9E}.Ad-Hoc|iPhone.Build.0 = Ad-Hoc|iPhone
		{6C06BCF6-2BA0-493B-85FE-80DEC299AE9E}.Ad-Hoc|iPhone.Deploy.0 = Ad-Hoc|iPhone
		{6C06BCF6-2BA0-493B-85FE-80DEC299AE9E}.Ad-Hoc|iPhoneSimulator.ActiveCfg = Ad-Hoc|iPhoneSimulator
		{6C06BCF6-2BA0-493B-85FE-80DEC299AE9E}.Ad-Hoc|iPhoneSimulator.Build.0 = Ad-Hoc|iPhoneSimulator
		{6C06BCF6-2BA0-493B-85FE-80DEC299AE9E}.Ad-Hoc|iPhoneSimulator.Deploy.0 = Ad-Hoc|iPhoneSimulator
		{6C06BCF6-2BA0-493B-85FE-80DEC299AE9E}.AppStore|Any CPU.ActiveCfg = AppStore|iPhone
		{6C06BCF6-2BA0-493B-85FE-80DEC299AE9E}.AppStore|Any CPU.Build.0 = AppStore|iPhone
		{6C06BCF6-2BA0-493B-85FE-80DEC299AE9E}.AppStore|Any CPU.Deploy.0 = AppStore|iPhone
		{6C06BCF6-2BA0-493B-85FE-80DEC299AE9E}.AppStore|iPhone.ActiveCfg = AppStore|iPhone
		{6C06BCF6-2BA0-493B-85FE-80DEC299AE9E}.AppStore|iPhone.Build.0 = AppStore|iPhone
		{6C06BCF6-2BA0-493B-85FE-80DEC299AE9E}.AppStore|iPhone.Deploy.0 = AppStore|iPhone
		{6C06BCF6-2BA0-493B-85FE-80DEC299AE9E}.AppStore|iPhoneSimulator.ActiveCfg = AppStore|iPhoneSimulator
		{6C06BCF6-2BA0-493B-85FE-80DEC299AE9E}.AppStore|iPhoneSimulator.Build.0 = AppStore|iPhoneSimulator
		{6C06BCF6-2BA0-493B-85FE-80DEC299AE9E}.AppStore|iPhoneSimulator.Deploy.0 = AppStore|iPhoneSimulator
		{6C06BCF6-2BA0-493B-85FE-80DEC299AE9E}.Debug|Any CPU.ActiveCfg = Debug|iPhoneSimulator
		{6C06BCF6-2BA0-493B-85FE-80DEC299AE9E}.Debug|Any CPU.Build.0 = Debug|iPhoneSimulator
		{6C06BCF6-2BA0-493B-85FE-80DEC299AE9E}.Debug|Any CPU.Deploy.0 = Debug|iPhoneSimulator
		{6C06BCF6-2BA0-493B-85FE-80DEC299AE9E}.Debug|iPhone.ActiveCfg = Debug|iPhone
		{6C06BCF6-2BA0-493B-85FE-80DEC299AE9E}.Debug|iPhone.Build.0 = Debug|iPhone
		{6C06BCF6-2BA0-493B-85FE-80DEC299AE9E}.Debug|iPhone.Deploy.0 = Debug|iPhone
		{6C06BCF6-2BA0-493B-85FE-80DEC299AE9E}.Debug|iPhoneSimulator.ActiveCfg = Debug|iPhoneSimulator
		{6C06BCF6-2BA0-493B-85FE-80DEC299AE9E}.Debug|iPhoneSimulator.Build.0 = Debug|iPhoneSimulator
		{6C06BCF6-2BA0-493B-85FE-80DEC299AE9E}.Debug|iPhoneSimulator.Deploy.0 = Debug|iPhoneSimulator
		{6C06BCF6-2BA0-493B-85FE-80DEC299AE9E}.Release|Any CPU.ActiveCfg = Release|iPhone
		{6C06BCF6-2BA0-493B-85FE-80DEC299AE9E}.Release|Any CPU.Build.0 = Release|iPhone
		{6C06BCF6-2BA0-493B-85FE-80DEC299AE9E}.Release|Any CPU.Deploy.0 = Release|iPhone
		{6C06BCF6-2BA0-493B-85FE-80DEC299AE9E}.Release|iPhone.ActiveCfg = Release|iPhone
		{6C06BCF6-2BA0-493B-85FE-80DEC299AE9E}.Release|iPhone.Build.0 = Release|iPhone
		{6C06BCF6-2BA0-493B-85FE-80DEC299AE9E}.Release|iPhone.Deploy.0 = Release|iPhone
		{6C06BCF6-2BA0-493B-85FE-80DEC299AE9E}.Release|iPhoneSimulator.ActiveCfg = Release|iPhoneSimulator
		{6C06BCF6-2BA0-493B-85FE-80DEC299AE9E}.Release|iPhoneSimulator.Build.0 = Release|iPhoneSimulator
		{6C06BCF6-2BA0-493B-85FE-80DEC299AE9E}.Release|iPhoneSimulator.Deploy.0 = Release|iPhoneSimulator
	EndGlobalSection
	GlobalSection(SolutionProperties) = preSolution
		HideSolutionNode = FALSE
	EndGlobalSection
	GlobalSection(ExtensibilityGlobals) = postSolution
		SolutionGuid = {2575F25E-2F0A-4434-987B-F32FF6406777}
	EndGlobalSection
EndGlobal
